// !$*UTF8*$!
{
	archiveVersion = 1;
	classes = {
	};
	objectVersion = 46;
	objects = {

/* Begin PBXBuildFile section */
		6087E0181C4F3DEE0005D931 /* main.m in Sources */ = {isa = PBXBuildFile; fileRef = 6087E0171C4F3DEE0005D931 /* main.m */; };
		6087E01B1C4F3DEE0005D931 /* AppDelegate.m in Sources */ = {isa = PBXBuildFile; fileRef = 6087E01A1C4F3DEE0005D931 /* AppDelegate.m */; };
		6087E01E1C4F3DEE0005D931 /* MenuViewController.m in Sources */ = {isa = PBXBuildFile; fileRef = 6087E01D1C4F3DEE0005D931 /* MenuViewController.m */; };
		6087E0211C4F3DEE0005D931 /* Main.storyboard in Resources */ = {isa = PBXBuildFile; fileRef = 6087E01F1C4F3DEE0005D931 /* Main.storyboard */; };
		6087E0231C4F3DEE0005D931 /* Assets.xcassets in Resources */ = {isa = PBXBuildFile; fileRef = 6087E0221C4F3DEE0005D931 /* Assets.xcassets */; };
		6087E0261C4F3DEE0005D931 /* LaunchScreen.storyboard in Resources */ = {isa = PBXBuildFile; fileRef = 6087E0241C4F3DEE0005D931 /* LaunchScreen.storyboard */; };
		6087E0371C4F3E4E0005D931 /* CommonClass.m in Sources */ = {isa = PBXBuildFile; fileRef = 6087E02E1C4F3E4E0005D931 /* CommonClass.m */; };
		6087E0381C4F3E4E0005D931 /* ItemModel.m in Sources */ = {isa = PBXBuildFile; fileRef = 6087E0301C4F3E4E0005D931 /* ItemModel.m */; };
		6087E0391C4F3E4E0005D931 /* MenuCell.m in Sources */ = {isa = PBXBuildFile; fileRef = 6087E0321C4F3E4E0005D931 /* MenuCell.m */; };
		6087E03A1C4F3E4E0005D931 /* OrderCell.m in Sources */ = {isa = PBXBuildFile; fileRef = 6087E0341C4F3E4E0005D931 /* OrderCell.m */; };
		6087E03B1C4F3E4E0005D931 /* SelectedMenuVC.m in Sources */ = {isa = PBXBuildFile; fileRef = 6087E0361C4F3E4E0005D931 /* SelectedMenuVC.m */; };
		70A83F041C51E00B00E9E515 /* MainViewController.m in Sources */ = {isa = PBXBuildFile; fileRef = 70A83F031C51E00B00E9E515 /* MainViewController.m */; };
		70A83F071C51E09300E9E515 /* JudgeViewController.m in Sources */ = {isa = PBXBuildFile; fileRef = 70A83F061C51E09300E9E515 /* JudgeViewController.m */; };
		70A83F0A1C51E0A400E9E515 /* SellerViewController.m in Sources */ = {isa = PBXBuildFile; fileRef = 70A83F091C51E0A400E9E515 /* SellerViewController.m */; };
/* End PBXBuildFile section */

/* Begin PBXFileReference section */
		6087E0131C4F3DEE0005D931 /* YKShoppingDemo.app */ = {isa = PBXFileReference; explicitFileType = wrapper.application; includeInIndex = 0; path = YKShoppingDemo.app; sourceTree = BUILT_PRODUCTS_DIR; };
		6087E0171C4F3DEE0005D931 /* main.m */ = {isa = PBXFileReference; lastKnownFileType = sourcecode.c.objc; path = main.m; sourceTree = "<group>"; };
		6087E0191C4F3DEE0005D931 /* AppDelegate.h */ = {isa = PBXFileReference; lastKnownFileType = sourcecode.c.h; path = AppDelegate.h; sourceTree = "<group>"; };
		6087E01A1C4F3DEE0005D931 /* AppDelegate.m */ = {isa = PBXFileReference; lastKnownFileType = sourcecode.c.objc; path = AppDelegate.m; sourceTree = "<group>"; };
		6087E01C1C4F3DEE0005D931 /* MenuViewController.h */ = {isa = PBXFileReference; lastKnownFileType = sourcecode.c.h; path = MenuViewController.h; sourceTree = "<group>"; };
		6087E01D1C4F3DEE0005D931 /* MenuViewController.m */ = {isa = PBXFileReference; lastKnownFileType = sourcecode.c.objc; path = MenuViewController.m; sourceTree = "<group>"; };
		6087E0201C4F3DEE0005D931 /* Base */ = {isa = PBXFileReference; lastKnownFileType = file.storyboard; name = Base; path = Base.lproj/Main.storyboard; sourceTree = "<group>"; };
		6087E0221C4F3DEE0005D931 /* Assets.xcassets */ = {isa = PBXFileReference; lastKnownFileType = folder.assetcatalog; path = Assets.xcassets; sourceTree = "<group>"; };
		6087E0251C4F3DEE0005D931 /* Base */ = {isa = PBXFileReference; lastKnownFileType = file.storyboard; name = Base; path = Base.lproj/LaunchScreen.storyboard; sourceTree = "<group>"; };
		6087E0271C4F3DEE0005D931 /* Info.plist */ = {isa = PBXFileReference; lastKnownFileType = text.plist.xml; path = Info.plist; sourceTree = "<group>"; };
		6087E02D1C4F3E4E0005D931 /* CommonClass.h */ = {isa = PBXFileReference; fileEncoding = 4; lastKnownFileType = sourcecode.c.h; path = CommonClass.h; sourceTree = "<group>"; };
		6087E02E1C4F3E4E0005D931 /* CommonClass.m */ = {isa = PBXFileReference; fileEncoding = 4; lastKnownFileType = sourcecode.c.objc; path = CommonClass.m; sourceTree = "<group>"; };
		6087E02F1C4F3E4E0005D931 /* ItemModel.h */ = {isa = PBXFileReference; fileEncoding = 4; lastKnownFileType = sourcecode.c.h; path = ItemModel.h; sourceTree = "<group>"; };
		6087E0301C4F3E4E0005D931 /* ItemModel.m */ = {isa = PBXFileReference; fileEncoding = 4; lastKnownFileType = sourcecode.c.objc; path = ItemModel.m; sourceTree = "<group>"; };
		6087E0311C4F3E4E0005D931 /* MenuCell.h */ = {isa = PBXFileReference; fileEncoding = 4; lastKnownFileType = sourcecode.c.h; path = MenuCell.h; sourceTree = "<group>"; };
		6087E0321C4F3E4E0005D931 /* MenuCell.m */ = {isa = PBXFileReference; fileEncoding = 4; lastKnownFileType = sourcecode.c.objc; path = MenuCell.m; sourceTree = "<group>"; };
		6087E0331C4F3E4E0005D931 /* OrderCell.h */ = {isa = PBXFileReference; fileEncoding = 4; lastKnownFileType = sourcecode.c.h; path = OrderCell.h; sourceTree = "<group>"; };
		6087E0341C4F3E4E0005D931 /* OrderCell.m */ = {isa = PBXFileReference; fileEncoding = 4; lastKnownFileType = sourcecode.c.objc; path = OrderCell.m; sourceTree = "<group>"; };
		6087E0351C4F3E4E0005D931 /* SelectedMenuVC.h */ = {isa = PBXFileReference; fileEncoding = 4; lastKnownFileType = sourcecode.c.h; path = SelectedMenuVC.h; sourceTree = "<group>"; };
		6087E0361C4F3E4E0005D931 /* SelectedMenuVC.m */ = {isa = PBXFileReference; fileEncoding = 4; lastKnownFileType = sourcecode.c.objc; path = SelectedMenuVC.m; sourceTree = "<group>"; };
		70A83F021C51E00B00E9E515 /* MainViewController.h */ = {isa = PBXFileReference; fileEncoding = 4; lastKnownFileType = sourcecode.c.h; path = MainViewController.h; sourceTree = "<group>"; };
		70A83F031C51E00B00E9E515 /* MainViewController.m */ = {isa = PBXFileReference; fileEncoding = 4; lastKnownFileType = sourcecode.c.objc; path = MainViewController.m; sourceTree = "<group>"; };
		70A83F051C51E09300E9E515 /* JudgeViewController.h */ = {isa = PBXFileReference; fileEncoding = 4; lastKnownFileType = sourcecode.c.h; path = JudgeViewController.h; sourceTree = "<group>"; };
		70A83F061C51E09300E9E515 /* JudgeViewController.m */ = {isa = PBXFileReference; fileEncoding = 4; lastKnownFileType = sourcecode.c.objc; path = JudgeViewController.m; sourceTree = "<group>"; };
		70A83F081C51E0A400E9E515 /* SellerViewController.h */ = {isa = PBXFileReference; fileEncoding = 4; lastKnownFileType = sourcecode.c.h; path = SellerViewController.h; sourceTree = "<group>"; };
		70A83F091C51E0A400E9E515 /* SellerViewController.m */ = {isa = PBXFileReference; fileEncoding = 4; lastKnownFileType = sourcecode.c.objc; path = SellerViewController.m; sourceTree = "<group>"; };
/* End PBXFileReference section */

/* Begin PBXFrameworksBuildPhase section */
		6087E0101C4F3DEE0005D931 /* Frameworks */ = {
			isa = PBXFrameworksBuildPhase;
			buildActionMask = 2147483647;
			files = (
			);
			runOnlyForDeploymentPostprocessing = 0;
		};
/* End PBXFrameworksBuildPhase section */

/* Begin PBXGroup section */
		6087E00A1C4F3DEE0005D931 = {
			isa = PBXGroup;
			children = (
				6087E0151C4F3DEE0005D931 /* YKShoppingDemo */,
				6087E0141C4F3DEE0005D931 /* Products */,
			);
			sourceTree = "<group>";
		};
		6087E0141C4F3DEE0005D931 /* Products */ = {
			isa = PBXGroup;
			children = (
				6087E0131C4F3DEE0005D931 /* YKShoppingDemo.app */,
			);
			name = Products;
			sourceTree = "<group>";
		};
		6087E0151C4F3DEE0005D931 /* YKShoppingDemo */ = {
			isa = PBXGroup;
			children = (
				6087E0191C4F3DEE0005D931 /* AppDelegate.h */,
				6087E01A1C4F3DEE0005D931 /* AppDelegate.m */,
				6087E02D1C4F3E4E0005D931 /* CommonClass.h */,
				6087E02E1C4F3E4E0005D931 /* CommonClass.m */,
				70A83F021C51E00B00E9E515 /* MainViewController.h */,
				70A83F031C51E00B00E9E515 /* MainViewController.m */,
				6087E03E1C4F3E9A0005D931 /* Model */,
				6087E03D1C4F3E930005D931 /* View */,
				6087E03C1C4F3E8D0005D931 /* VC */,
				6087E01F1C4F3DEE0005D931 /* Main.storyboard */,
				6087E0221C4F3DEE0005D931 /* Assets.xcassets */,
				6087E0241C4F3DEE0005D931 /* LaunchScreen.storyboard */,
				6087E0271C4F3DEE0005D931 /* Info.plist */,
				6087E0161C4F3DEE0005D931 /* Supporting Files */,
			);
			path = YKShoppingDemo;
			sourceTree = "<group>";
		};
		6087E0161C4F3DEE0005D931 /* Supporting Files */ = {
			isa = PBXGroup;
			children = (
				6087E0171C4F3DEE0005D931 /* main.m */,
			);
			name = "Supporting Files";
			sourceTree = "<group>";
		};
		6087E03C1C4F3E8D0005D931 /* VC */ = {
			isa = PBXGroup;
			children = (
				6087E0351C4F3E4E0005D931 /* SelectedMenuVC.h */,
				6087E0361C4F3E4E0005D931 /* SelectedMenuVC.m */,
				6087E01C1C4F3DEE0005D931 /* MenuViewController.h */,
				6087E01D1C4F3DEE0005D931 /* MenuViewController.m */,
				70A83F051C51E09300E9E515 /* JudgeViewController.h */,
				70A83F061C51E09300E9E515 /* JudgeViewController.m */,
				70A83F081C51E0A400E9E515 /* SellerViewController.h */,
				70A83F091C51E0A400E9E515 /* SellerViewController.m */,
			);
			name = VC;
			sourceTree = "<group>";
		};
		6087E03D1C4F3E930005D931 /* View */ = {
			isa = PBXGroup;
			children = (
				6087E0311C4F3E4E0005D931 /* MenuCell.h */,
				6087E0321C4F3E4E0005D931 /* MenuCell.m */,
				6087E0331C4F3E4E0005D931 /* OrderCell.h */,
				6087E0341C4F3E4E0005D931 /* OrderCell.m */,
			);
			name = View;
			sourceTree = "<group>";
		};
		6087E03E1C4F3E9A0005D931 /* Model */ = {
			isa = PBXGroup;
			children = (
				6087E02F1C4F3E4E0005D931 /* ItemModel.h */,
				6087E0301C4F3E4E0005D931 /* ItemModel.m */,
			);
			name = Model;
			sourceTree = "<group>";
		};
/* End PBXGroup section */

/* Begin PBXNativeTarget section */
		6087E0121C4F3DEE0005D931 /* YKShoppingDemo */ = {
			isa = PBXNativeTarget;
			buildConfigurationList = 6087E02A1C4F3DEE0005D931 /* Build configuration list for PBXNativeTarget "YKShoppingDemo" */;
			buildPhases = (
				6087E00F1C4F3DEE0005D931 /* Sources */,
				6087E0101C4F3DEE0005D931 /* Frameworks */,
				6087E0111C4F3DEE0005D931 /* Resources */,
			);
			buildRules = (
			);
			dependencies = (
			);
			name = YKShoppingDemo;
			productName = YKShoppingDemo;
			productReference = 6087E0131C4F3DEE0005D931 /* YKShoppingDemo.app */;
			productType = "com.apple.product-type.application";
		};
/* End PBXNativeTarget section */

/* Begin PBXProject section */
		6087E00B1C4F3DEE0005D931 /* Project object */ = {
			isa = PBXProject;
			attributes = {
				LastUpgradeCheck = 0720;
				ORGANIZATIONNAME = YangKa;
				TargetAttributes = {
					6087E0121C4F3DEE0005D931 = {
						CreatedOnToolsVersion = 7.2;
					};
				};
			};
			buildConfigurationList = 6087E00E1C4F3DEE0005D931 /* Build configuration list for PBXProject "YKShoppingDemo" */;
			compatibilityVersion = "Xcode 3.2";
			developmentRegion = English;
			hasScannedForEncodings = 0;
			knownRegions = (
				en,
				Base,
			);
			mainGroup = 6087E00A1C4F3DEE0005D931;
			productRefGroup = 6087E0141C4F3DEE0005D931 /* Products */;
			projectDirPath = "";
			projectRoot = "";
			targets = (
				6087E0121C4F3DEE0005D931 /* YKShoppingDemo */,
			);
		};
/* End PBXProject section */

/* Begin PBXResourcesBuildPhase section */
		6087E0111C4F3DEE0005D931 /* Resources */ = {
			isa = PBXResourcesBuildPhase;
			buildActionMask = 2147483647;
			files = (
				6087E0261C4F3DEE0005D931 /* LaunchScreen.storyboard in Resources */,
				6087E0231C4F3DEE0005D931 /* Assets.xcassets in Resources */,
				6087E0211C4F3DEE0005D931 /* Main.storyboard in Resources */,
			);
			runOnlyForDeploymentPostprocessing = 0;
		};
/* End PBXResourcesBuildPhase section */

/* Begin PBXSourcesBuildPhase section */
		6087E00F1C4F3DEE0005D931 /* Sources */ = {
			isa = PBXSourcesBuildPhase;
			buildActionMask = 2147483647;
			files = (
				70A83F071C51E09300E9E515 /* JudgeViewController.m in Sources */,
				6087E01E1C4F3DEE0005D931 /* MenuViewController.m in Sources */,
				70A83F0A1C51E0A400E9E515 /* SellerViewController.m in Sources */,
				6087E0381C4F3E4E0005D931 /* ItemModel.m in Sources */,
				6087E03B1C4F3E4E0005D931 /* SelectedMenuVC.m in Sources */,
				6087E03A1C4F3E4E0005D931 /* OrderCell.m in Sources */,
				70A83F041C51E00B00E9E515 /* MainViewController.m in Sources */,
				6087E0391C4F3E4E0005D931 /* MenuCell.m in Sources */,
				6087E01B1C4F3DEE0005D931 /* AppDelegate.m in Sources */,
				6087E0181C4F3DEE0005D931 /* main.m in Sources */,
				6087E0371C4F3E4E0005D931 /* CommonClass.m in Sources */,
			);
			runOnlyForDeploymentPostprocessing = 0;
		};
/* End PBXSourcesBuildPhase section */

/* Begin PBXVariantGroup section */
		6087E01F1C4F3DEE0005D931 /* Main.storyboard */ = {
			isa = PBXVariantGroup;
			children = (
				6087E0201C4F3DEE0005D931 /* Base */,
			);
			name = Main.storyboard;
			sourceTree = "<group>";
		};
		6087E0241C4F3DEE0005D931 /* LaunchScreen.storyboard */ = {
			isa = PBXVariantGroup;
			children = (
				6087E0251C4F3DEE0005D931 /* Base */,
			);
			name = LaunchScreen.storyboard;
			sourceTree = "<group>";
		};
/* End PBXVariantGroup section */

/* Begin XCBuildConfiguration section */
		6087E0281C4F3DEE0005D931 /* Debug */ = {
			isa = XCBuildConfiguration;
			buildSettings = {
				ALWAYS_SEARCH_USER_PATHS = NO;
				CLANG_CXX_LANGUAGE_STANDARD = "gnu++0x";
				CLANG_CXX_LIBRARY = "libc++";
				CLANG_ENABLE_MODULES = YES;
				CLANG_ENABLE_OBJC_ARC = YES;
				CLANG_WARN_BOOL_CONVERSION = YES;
				CLANG_WARN_CONSTANT_CONVERSION = YES;
				CLANG_WARN_DIRECT_OBJC_ISA_USAGE = YES_ERROR;
				CLANG_WARN_EMPTY_BODY = YES;
				CLANG_WARN_ENUM_CONVERSION = YES;
				CLANG_WARN_INT_CONVERSION = YES;
				CLANG_WARN_OBJC_ROOT_CLASS = YES_ERROR;
				CLANG_WARN_UNREACHABLE_CODE = YES;
				CLANG_WARN__DUPLICATE_METHOD_MATCH = YES;
				"CODE_SIGN_IDENTITY[sdk=iphoneos*]" = "iPhone Developer";
				COPY_PHASE_STRIP = NO;
				DEBUG_INFORMATION_FORMAT = dwarf;
				ENABLE_STRICT_OBJC_MSGSEND = YES;
				ENABLE_TESTABILITY = YES;
				GCC_C_LANGUAGE_STANDARD = gnu99;
				GCC_DYNAMIC_NO_PIC = NO;
				GCC_NO_COMMON_BLOCKS = YES;
				GCC_OPTIMIZATION_LEVEL = 0;
				GCC_PREPROCESSOR_DEFINITIONS = (
					"DEBUG=1",
					"$(inherited)",
				);
				GCC_WARN_64_TO_32_BIT_CONVERSION = YES;
				GCC_WARN_ABOUT_RETURN_TYPE = YES_ERROR;
				GCC_WARN_UNDECLARED_SELECTOR = YES;
				GCC_WARN_UNINITIALIZED_AUTOS = YES_AGGRESSIVE;
				GCC_WARN_UNUSED_FUNCTION = YES;
				GCC_WARN_UNUSED_VARIABLE = YES;
				IPHONEOS_DEPLOYMENT_TARGET = 9.0;
				MTL_ENABLE_DEBUG_INFO = YES;
				ONLY_ACTIVE_ARCH = YES;
				SDKROOT = iphoneos;
			};
			name = Debug;
		};
		6087E0291C4F3DEE0005D931 /* Release */ = {
			isa = XCBuildConfiguration;
			buildSettings = {
				ALWAYS_SEARCH_USER_PATHS = NO;
				CLANG_CXX_LANGUAGE_STANDARD = "gnu++0x";
				CLANG_CXX_LIBRARY = "libc++";
				CLANG_ENABLE_MODULES = YES;
				CLANG_ENABLE_OBJC_ARC = YES;
				CLANG_WARN_BOOL_CONVERSION = YES;
				CLANG_WARN_CONSTANT_CONVERSION = YES;
				CLANG_WARN_DIRECT_OBJC_ISA_USAGE = YES_ERROR;
				CLANG_WARN_EMPTY_BODY = YES;
				CLANG_WARN_ENUM_CONVERSION = YES;
				CLANG_WARN_INT_CONVERSION = YES;
				CLANG_WARN_OBJC_ROOT_CLASS = YES_ERROR;
				CLANG_WARN_UNREACHABLE_CODE = YES;
				CLANG_WARN__DUPLICATE_METHOD_MATCH = YES;
				"CODE_SIGN_IDENTITY[sdk=iphoneos*]" = "iPhone Developer";
				COPY_PHASE_STRIP = NO;
				DEBUG_INFORMATION_FORMAT = "dwarf-with-dsym";
				ENABLE_NS_ASSERTIONS = NO;
				ENABLE_STRICT_OBJC_MSGSEND = YES;
				GCC_C_LANGUAGE_STANDARD = gnu99;
				GCC_NO_COMMON_BLOCKS = YES;
				GCC_WARN_64_TO_32_BIT_CONVERSION = YES;
				GCC_WARN_ABOUT_RETURN_TYPE = YES_ERROR;
				GCC_WARN_UNDECLARED_SELECTOR = YES;
				GCC_WARN_UNINITIALIZED_AUTOS = YES_AGGRESSIVE;
				GCC_WARN_UNUSED_FUNCTION = YES;
				GCC_WARN_UNUSED_VARIABLE = YES;
				IPHONEOS_DEPLOYMENT_TARGET = 9.0;
				MTL_ENABLE_DEBUG_INFO = NO;
				SDKROOT = iphoneos;
				VALIDATE_PRODUCT = YES;
			};
			name = Release;
		};
		6087E02B1C4F3DEE0005D931 /* Debug */ = {
			isa = XCBuildConfiguration;
			buildSettings = {
				ASSETCATALOG_COMPILER_APPICON_NAME = AppIcon;
				INFOPLIST_FILE = YKShoppingDemo/Info.plist;
				LD_RUNPATH_SEARCH_PATHS = "$(inherited) @executable_path/Frameworks";
				PRODUCT_BUNDLE_IDENTIFIER = com.froward.YKShoppingDemo;
				PRODUCT_NAME = "$(TARGET_NAME)";
			};
			name = Debug;
		};
		6087E02C1C4F3DEE0005D931 /* Release */ = {
			isa = XCBuildConfiguration;
			buildSettings = {
				ASSETCATALOG_COMPILER_APPICON_NAME = AppIcon;
				INFOPLIST_FILE = YKShoppingDemo/Info.plist;
				LD_RUNPATH_SEARCH_PATHS = "$(inherited) @executable_path/Frameworks";
				PRODUCT_BUNDLE_IDENTIFIER = com.froward.YKShoppingDemo;
				PRODUCT_NAME = "$(TARGET_NAME)";
			};
			name = Release;
		};
/* End XCBuildConfiguration section */

/* Begin XCConfigurationList section */
		6087E00E1C4F3DEE0005D931 /* Build configuration list for PBXProject "YKShoppingDemo" */ = {
			isa = XCConfigurationList;
			buildConfigurations = (
				6087E0281C4F3DEE0005D931 /* Debug */,
				6087E0291C4F3DEE0005D931 /* Release */,
			);
			defaultConfigurationIsVisible = 0;
			defaultConfigurationName = Release;
		};
		6087E02A1C4F3DEE0005D931 /* Build configuration list for PBXNativeTarget "YKShoppingDemo" */ = {
			isa = XCConfigurationList;
			buildConfigurations = (
				6087E02B1C4F3DEE0005D931 /* Debug */,
				6087E02C1C4F3DEE0005D931 /* Release */,
			);
			defaultConfigurationIsVisible = 0;
			defaultConfigurationName = Release;
		};
/* End XCConfigurationList section */
	};
	rootObject = 6087E00B1C4F3DEE0005D931 /* Project object */;
}
